<?xml version="1.0" encoding="utf-8"?>
<Project ToolsVersion="4.0" xmlns="http://schemas.microsoft.com/developer/msbuild/2003">
  <ItemGroup>
    <ClCompile Include="dllmain.cpp" />
    <ClCompile Include="stdafx.cpp" />
  </ItemGroup>
  <ItemGroup>
    <ClInclude Include="stdafx.h" />
    <ClInclude Include="targetver.h" />
  </ItemGroup>
  <ItemGroup>
    <Filter Include="Shaders">
      <UniqueIdentifier>{1c4cd3a3-5ea6-4d3d-adf8-918f4ee14f24}</UniqueIdentifier>
    </Filter>
  </ItemGroup>
  <ItemGroup>
    <Text Include="Shaders\particles.fx">
      <Filter>Shaders</Filter>
    </Text>
    <Text Include="Shaders\global.h">
      <Filter>Shaders</Filter>
    </Text>
  </ItemGroup>
</Project>